
Microsoft Visual Studio Solution File, Format Version 12.00
# Visual Studio Version 16
VisualStudioVersion = 16.0.31205.134
MinimumVisualStudioVersion = 10.0.40219.1
Project("{FAE04EC0-301F-11D3-BF4B-00C04F79EFBC}") = "AngularLogin", "AngularLogin\AngularLogin.csproj", "{D6B3E21E-D91A-4663-AA2C-608C63FEFC15}"
EndProject
Global
	GlobalSection(SolutionConfigurationPlatforms) = preSolution
		Debug|Any CPU = Debug|Any CPU
		Release|Any CPU = Release|Any CPU
	EndGlobalSection
	GlobalSection(ProjectConfigurationPlatforms) = postSolution
		{D6B3E21E-D91A-4663-AA2C-608C63FEFC15}.Debug|Any CPU.ActiveCfg = Debug|Any CPU
		{D6B3E21E-D91A-4663-AA2C-608C63FEFC15}.Debug|Any CPU.Build.0 = Debug|Any CPU
		{D6B3E21E-D91A-4663-AA2C-608C63FEFC15}.Release|Any CPU.ActiveCfg = Release|Any CPU
		{D6B3E21E-D91A-4663-AA2C-608C63FEFC15}.Release|Any CPU.Build.0 = Release|Any CPU
	EndGlobalSection
	GlobalSection(SolutionProperties) = preSolution
		HideSolutionNode = FALSE
	EndGlobalSection
	GlobalSection(ExtensibilityGlobals) = postSolution
		SolutionGuid = {DFEE3056-9D90-4A09-9E3B-E4DBD275B8BF}
	EndGlobalSection
EndGlobal
